
Microsoft Visual Studio Solution File, Format Version 12.00
# Visual Studio Version 17
VisualStudioVersion = 17.4.33213.308
MinimumVisualStudioVersion = 10.0.40219.1
Project("{FAE04EC0-301F-11D3-BF4B-00C04F79EFBC}") = "Raw Data", "Raw Data\Raw Data.csproj", "{D961A95E-21BF-4B89-951B-28321BBA69F9}"
EndProject
Global
	GlobalSection(SolutionConfigurationPlatforms) = preSolution
		Debug|Any CPU = Debug|Any CPU
		Release|Any CPU = Release|Any CPU
	EndGlobalSection
	GlobalSection(ProjectConfigurationPlatforms) = postSolution
		{D961A95E-21BF-4B89-951B-28321BBA69F9}.Debug|Any CPU.ActiveCfg = Debug|Any CPU
		{D961A95E-21BF-4B89-951B-28321BBA69F9}.Debug|Any CPU.Build.0 = Debug|Any CPU
		{D961A95E-21BF-4B89-951B-28321BBA69F9}.Release|Any CPU.ActiveCfg = Release|Any CPU
		{D961A95E-21BF-4B89-951B-28321BBA69F9}.Release|Any CPU.Build.0 = Release|Any CPU
	EndGlobalSection
	GlobalSection(SolutionProperties) = preSolution
		HideSolutionNode = FALSE
	EndGlobalSection
	GlobalSection(ExtensibilityGlobals) = postSolution
		SolutionGuid = {B845B304-940D-44D7-9D1A-FBDD2E3E2037}
	EndGlobalSection
EndGlobal
