
Microsoft Visual Studio Solution File, Format Version 12.00
# Visual Studio Version 17
VisualStudioVersion = 17.4.33213.308
MinimumVisualStudioVersion = 10.0.40219.1
Project("{FAE04EC0-301F-11D3-BF4B-00C04F79EFBC}") = "Secret Messages", "Secret Messages\Secret Messages.csproj", "{FFD69064-1D0A-4B7D-8498-1CFC6A8EDCD3}"
EndProject
Global
	GlobalSection(SolutionConfigurationPlatforms) = preSolution
		Debug|Any CPU = Debug|Any CPU
		Release|Any CPU = Release|Any CPU
	EndGlobalSection
	GlobalSection(ProjectConfigurationPlatforms) = postSolution
		{FFD69064-1D0A-4B7D-8498-1CFC6A8EDCD3}.Debug|Any CPU.ActiveCfg = Debug|Any CPU
		{FFD69064-1D0A-4B7D-8498-1CFC6A8EDCD3}.Debug|Any CPU.Build.0 = Debug|Any CPU
		{FFD69064-1D0A-4B7D-8498-1CFC6A8EDCD3}.Release|Any CPU.ActiveCfg = Release|Any CPU
		{FFD69064-1D0A-4B7D-8498-1CFC6A8EDCD3}.Release|Any CPU.Build.0 = Release|Any CPU
	EndGlobalSection
	GlobalSection(SolutionProperties) = preSolution
		HideSolutionNode = FALSE
	EndGlobalSection
	GlobalSection(ExtensibilityGlobals) = postSolution
		SolutionGuid = {A65F5C41-501F-4B95-8C3F-BFCA794387F6}
	EndGlobalSection
EndGlobal
