
Microsoft Visual Studio Solution File, Format Version 12.00
# Visual Studio Version 17
VisualStudioVersion = 17.4.33213.308
MinimumVisualStudioVersion = 10.0.40219.1
Project("{FAE04EC0-301F-11D3-BF4B-00C04F79EFBC}") = "Pokemon Trainer", "Pokemon Trainer\Pokemon Trainer.csproj", "{264D2456-FB69-45B0-8AAC-8D919EB8B0F9}"
EndProject
Global
	GlobalSection(SolutionConfigurationPlatforms) = preSolution
		Debug|Any CPU = Debug|Any CPU
		Release|Any CPU = Release|Any CPU
	EndGlobalSection
	GlobalSection(ProjectConfigurationPlatforms) = postSolution
		{264D2456-FB69-45B0-8AAC-8D919EB8B0F9}.Debug|Any CPU.ActiveCfg = Debug|Any CPU
		{264D2456-FB69-45B0-8AAC-8D919EB8B0F9}.Debug|Any CPU.Build.0 = Debug|Any CPU
		{264D2456-FB69-45B0-8AAC-8D919EB8B0F9}.Release|Any CPU.ActiveCfg = Release|Any CPU
		{264D2456-FB69-45B0-8AAC-8D919EB8B0F9}.Release|Any CPU.Build.0 = Release|Any CPU
	EndGlobalSection
	GlobalSection(SolutionProperties) = preSolution
		HideSolutionNode = FALSE
	EndGlobalSection
	GlobalSection(ExtensibilityGlobals) = postSolution
		SolutionGuid = {D1452B94-38A7-483C-951F-0843C4D9AC9B}
	EndGlobalSection
EndGlobal
