
Microsoft Visual Studio Solution File, Format Version 12.00
# Visual Studio Version 17
VisualStudioVersion = 17.4.33213.308
MinimumVisualStudioVersion = 10.0.40219.1
Project("{FAE04EC0-301F-11D3-BF4B-00C04F79EFBC}") = "Word Count", "Word Count\Word Count.csproj", "{CC595D81-6A13-4151-9D62-77432C0DA7D2}"
EndProject
Global
	GlobalSection(SolutionConfigurationPlatforms) = preSolution
		Debug|Any CPU = Debug|Any CPU
		Release|Any CPU = Release|Any CPU
	EndGlobalSection
	GlobalSection(ProjectConfigurationPlatforms) = postSolution
		{CC595D81-6A13-4151-9D62-77432C0DA7D2}.Debug|Any CPU.ActiveCfg = Debug|Any CPU
		{CC595D81-6A13-4151-9D62-77432C0DA7D2}.Debug|Any CPU.Build.0 = Debug|Any CPU
		{CC595D81-6A13-4151-9D62-77432C0DA7D2}.Release|Any CPU.ActiveCfg = Release|Any CPU
		{CC595D81-6A13-4151-9D62-77432C0DA7D2}.Release|Any CPU.Build.0 = Release|Any CPU
	EndGlobalSection
	GlobalSection(SolutionProperties) = preSolution
		HideSolutionNode = FALSE
	EndGlobalSection
	GlobalSection(ExtensibilityGlobals) = postSolution
		SolutionGuid = {7A7B910A-2CDE-41C0-838E-3C840B472A97}
	EndGlobalSection
EndGlobal
